
Microsoft Visual Studio Solution File, Format Version 12.00
# Visual Studio Version 17
VisualStudioVersion = 17.13.35913.81 d17.13
MinimumVisualStudioVersion = 10.0.40219.1
Project("{FAE04EC0-301F-11D3-BF4B-00C04F79EFBC}") = "API", "API\API.csproj", "{27449684-1492-4328-AA4D-04B74EFC8005}"
EndProject
Global
	GlobalSection(SolutionConfigurationPlatforms) = preSolution
		Debug|Any CPU = Debug|Any CPU
		Release|Any CPU = Release|Any CPU
	EndGlobalSection
	GlobalSection(ProjectConfigurationPlatforms) = postSolution
		{27449684-1492-4328-AA4D-04B74EFC8005}.Debug|Any CPU.ActiveCfg = Debug|Any CPU
		{27449684-1492-4328-AA4D-04B74EFC8005}.Debug|Any CPU.Build.0 = Debug|Any CPU
		{27449684-1492-4328-AA4D-04B74EFC8005}.Release|Any CPU.ActiveCfg = Release|Any CPU
		{27449684-1492-4328-AA4D-04B74EFC8005}.Release|Any CPU.Build.0 = Release|Any CPU
	EndGlobalSection
	GlobalSection(SolutionProperties) = preSolution
		HideSolutionNode = FALSE
	EndGlobalSection
	GlobalSection(ExtensibilityGlobals) = postSolution
		SolutionGuid = {270F4182-6C56-481A-8063-318CA7D75FE6}
	EndGlobalSection
EndGlobal
